
Microsoft Visual Studio Solution File, Format Version 12.00
# Visual Studio 15
VisualStudioVersion = 15.0.28307.421
MinimumVisualStudioVersion = 10.0.40219.1
Project("{FAE04EC0-301F-11D3-BF4B-00C04F79EFBC}") = "TestDockerApp", "TestDockerApp\TestDockerApp.csproj", "{6417FE12-5347-47A3-9DDF-87A876E40CAA}"
EndProject
Global
	GlobalSection(SolutionConfigurationPlatforms) = preSolution
		Debug|Any CPU = Debug|Any CPU
		Release|Any CPU = Release|Any CPU
	EndGlobalSection
	GlobalSection(ProjectConfigurationPlatforms) = postSolution
		{6417FE12-5347-47A3-9DDF-87A876E40CAA}.Debug|Any CPU.ActiveCfg = Debug|Any CPU
		{6417FE12-5347-47A3-9DDF-87A876E40CAA}.Debug|Any CPU.Build.0 = Debug|Any CPU
		{6417FE12-5347-47A3-9DDF-87A876E40CAA}.Release|Any CPU.ActiveCfg = Release|Any CPU
		{6417FE12-5347-47A3-9DDF-87A876E40CAA}.Release|Any CPU.Build.0 = Release|Any CPU
	EndGlobalSection
	GlobalSection(SolutionProperties) = preSolution
		HideSolutionNode = FALSE
	EndGlobalSection
	GlobalSection(ExtensibilityGlobals) = postSolution
		SolutionGuid = {87704C9E-A8DD-4242-80F4-66158879B0E3}
	EndGlobalSection
EndGlobal
